
Microsoft Visual Studio Solution File, Format Version 12.00
# Visual Studio 14
VisualStudioVersion = 14.0.25420.1
MinimumVisualStudioVersion = 10.0.40219.1
Project("{FAE04EC0-301F-11D3-BF4B-00C04F79EFBC}") = "CSharpPaxosRuntime.Tests", "CSharpPaxosRuntime.Tests\CSharpPaxosRuntime.Tests.csproj", "{518F1A45-45EE-4711-B8F8-57F4671C3B9C}"
EndProject
Project("{FAE04EC0-301F-11D3-BF4B-00C04F79EFBC}") = "CSharpPaxosRuntime", "CSharpPaxosRuntime\CSharpPaxosRuntime.csproj", "{FEFC22DD-03CF-4DEB-A471-CC26E8670812}"
EndProject
Project("{FAE04EC0-301F-11D3-BF4B-00C04F79EFBC}") = "CSharpPaxosRuntime.Networking", "CSharpPaxosRuntime.Networking\CSharpPaxosRuntime.Networking.csproj", "{DCE5D686-DC58-4A88-ABAA-3510D40FC7B2}"
EndProject
Global
	GlobalSection(SolutionConfigurationPlatforms) = preSolution
		Debug|Any CPU = Debug|Any CPU
		Debug|ARM = Debug|ARM
		Debug|x64 = Debug|x64
		Debug|x86 = Debug|x86
		Release|Any CPU = Release|Any CPU
		Release|ARM = Release|ARM
		Release|x64 = Release|x64
		Release|x86 = Release|x86
	EndGlobalSection
	GlobalSection(ProjectConfigurationPlatforms) = postSolution
		{518F1A45-45EE-4711-B8F8-57F4671C3B9C}.Debug|Any CPU.ActiveCfg = Debug|Any CPU
		{518F1A45-45EE-4711-B8F8-57F4671C3B9C}.Debug|Any CPU.Build.0 = Debug|Any CPU
		{518F1A45-45EE-4711-B8F8-57F4671C3B9C}.Debug|ARM.ActiveCfg = Debug|Any CPU
		{518F1A45-45EE-4711-B8F8-57F4671C3B9C}.Debug|ARM.Build.0 = Debug|Any CPU
		{518F1A45-45EE-4711-B8F8-57F4671C3B9C}.Debug|x64.ActiveCfg = Debug|Any CPU
		{518F1A45-45EE-4711-B8F8-57F4671C3B9C}.Debug|x64.Build.0 = Debug|Any CPU
		{518F1A45-45EE-4711-B8F8-57F4671C3B9C}.Debug|x86.ActiveCfg = Debug|Any CPU
		{518F1A45-45EE-4711-B8F8-57F4671C3B9C}.Debug|x86.Build.0 = Debug|Any CPU
		{518F1A45-45EE-4711-B8F8-57F4671C3B9C}.Release|Any CPU.ActiveCfg = Release|Any CPU
		{518F1A45-45EE-4711-B8F8-57F4671C3B9C}.Release|Any CPU.Build.0 = Release|Any CPU
		{518F1A45-45EE-4711-B8F8-57F4671C3B9C}.Release|ARM.ActiveCfg = Release|Any CPU
		{518F1A45-45EE-4711-B8F8-57F4671C3B9C}.Release|ARM.Build.0 = Release|Any CPU
		{518F1A45-45EE-4711-B8F8-57F4671C3B9C}.Release|x64.ActiveCfg = Release|Any CPU
		{518F1A45-45EE-4711-B8F8-57F4671C3B9C}.Release|x64.Build.0 = Release|Any CPU
		{518F1A45-45EE-4711-B8F8-57F4671C3B9C}.Release|x86.ActiveCfg = Release|Any CPU
		{518F1A45-45EE-4711-B8F8-57F4671C3B9C}.Release|x86.Build.0 = Release|Any CPU
		{FEFC22DD-03CF-4DEB-A471-CC26E8670812}.Debug|Any CPU.ActiveCfg = Debug|Any CPU
		{FEFC22DD-03CF-4DEB-A471-CC26E8670812}.Debug|Any CPU.Build.0 = Debug|Any CPU
		{FEFC22DD-03CF-4DEB-A471-CC26E8670812}.Debug|ARM.ActiveCfg = Debug|Any CPU
		{FEFC22DD-03CF-4DEB-A471-CC26E8670812}.Debug|ARM.Build.0 = Debug|Any CPU
		{FEFC22DD-03CF-4DEB-A471-CC26E8670812}.Debug|x64.ActiveCfg = Debug|Any CPU
		{FEFC22DD-03CF-4DEB-A471-CC26E8670812}.Debug|x64.Build.0 = Debug|Any CPU
		{FEFC22DD-03CF-4DEB-A471-CC26E8670812}.Debug|x86.ActiveCfg = Debug|Any CPU
		{FEFC22DD-03CF-4DEB-A471-CC26E8670812}.Debug|x86.Build.0 = Debug|Any CPU
		{FEFC22DD-03CF-4DEB-A471-CC26E8670812}.Release|Any CPU.ActiveCfg = Release|Any CPU
		{FEFC22DD-03CF-4DEB-A471-CC26E8670812}.Release|Any CPU.Build.0 = Release|Any CPU
		{FEFC22DD-03CF-4DEB-A471-CC26E8670812}.Release|ARM.ActiveCfg = Release|Any CPU
		{FEFC22DD-03CF-4DEB-A471-CC26E8670812}.Release|ARM.Build.0 = Release|Any CPU
		{FEFC22DD-03CF-4DEB-A471-CC26E8670812}.Release|x64.ActiveCfg = Release|Any CPU
		{FEFC22DD-03CF-4DEB-A471-CC26E8670812}.Release|x64.Build.0 = Release|Any CPU
		{FEFC22DD-03CF-4DEB-A471-CC26E8670812}.Release|x86.ActiveCfg = Release|Any CPU
		{FEFC22DD-03CF-4DEB-A471-CC26E8670812}.Release|x86.Build.0 = Release|Any CPU
		{DCE5D686-DC58-4A88-ABAA-3510D40FC7B2}.Debug|Any CPU.ActiveCfg = Debug|Any CPU
		{DCE5D686-DC58-4A88-ABAA-3510D40FC7B2}.Debug|Any CPU.Build.0 = Debug|Any CPU
		{DCE5D686-DC58-4A88-ABAA-3510D40FC7B2}.Debug|ARM.ActiveCfg = Debug|Any CPU
		{DCE5D686-DC58-4A88-ABAA-3510D40FC7B2}.Debug|ARM.Build.0 = Debug|Any CPU
		{DCE5D686-DC58-4A88-ABAA-3510D40FC7B2}.Debug|x64.ActiveCfg = Debug|Any CPU
		{DCE5D686-DC58-4A88-ABAA-3510D40FC7B2}.Debug|x64.Build.0 = Debug|Any CPU
		{DCE5D686-DC58-4A88-ABAA-3510D40FC7B2}.Debug|x86.ActiveCfg = Debug|Any CPU
		{DCE5D686-DC58-4A88-ABAA-3510D40FC7B2}.Debug|x86.Build.0 = Debug|Any CPU
		{DCE5D686-DC58-4A88-ABAA-3510D40FC7B2}.Release|Any CPU.ActiveCfg = Release|Any CPU
		{DCE5D686-DC58-4A88-ABAA-3510D40FC7B2}.Release|Any CPU.Build.0 = Release|Any CPU
		{DCE5D686-DC58-4A88-ABAA-3510D40FC7B2}.Release|ARM.ActiveCfg = Release|Any CPU
		{DCE5D686-DC58-4A88-ABAA-3510D40FC7B2}.Release|ARM.Build.0 = Release|Any CPU
		{DCE5D686-DC58-4A88-ABAA-3510D40FC7B2}.Release|x64.ActiveCfg = Release|Any CPU
		{DCE5D686-DC58-4A88-ABAA-3510D40FC7B2}.Release|x64.Build.0 = Release|Any CPU
		{DCE5D686-DC58-4A88-ABAA-3510D40FC7B2}.Release|x86.ActiveCfg = Release|Any CPU
		{DCE5D686-DC58-4A88-ABAA-3510D40FC7B2}.Release|x86.Build.0 = Release|Any CPU
	EndGlobalSection
	GlobalSection(SolutionProperties) = preSolution
		HideSolutionNode = FALSE
	EndGlobalSection
EndGlobal
